# This file is automatically @generated by Cargo.
# It is not intended for manual editing.
version = 4

[[package]]
name = "allocator-api2"
version = "0.2.21"
source = "registry+https://github.com/rust-lang/crates.io-index"
checksum = "683d7910e743518b0e34f1186f92494becacb047c7b6bf616c96772180fef923"

[[package]]
name = "arcstr"
version = "0.2.3"
source = "registry+https://github.com/rust-lang/crates.io-index"
checksum = "7a10fe028f7b7970d46697750954cda0323b5235c579e535c1915979d87a74bd"

[[package]]
name = "autocfg"
version = "1.5.1"
source = "registry+https://github.com/rust-lang/crates.io-index"
checksum = "f2032f911046de80f0a198e0901378627c33f59ea0ac00e363d481118bd70a53"

[[package]]
name = "base-x"
version = "0.2.11"
source = "registry+https://github.com/rust-lang/crates.io-index"
checksum = "4cbbc9d0964165b47557570cce6c952866c2678457aca742aafc9fb771d30270"

[[package]]
name = "bumpalo"
version = "3.20.3"
source = "registry+https://github.com/rust-lang/crates.io-index"
checksum = "72f5acc6cb2ba439de613abc23857ec3d78374d8ed5ac84e9d11336e87da8649"
dependencies = [
 "allocator-api2",
]

[[package]]
name = "cfg-if"
version = "1.0.5"
source = "registry+https://github.com/rust-lang/crates.io-index"
checksum = "4e7648175b45a9a48536d676f68d918270699102aa8dab5496df06904c914600"

[[package]]
name = "codespan"
version = "0.13.1"
source = "registry+https://github.com/rust-lang/crates.io-index"
checksum = "583f52b0658b321b25fd6b209b6c76cf058f433071297de64e5980c3d9aad937"
dependencies = [
 "codespan-reporting",
]

[[package]]
name = "codespan-reporting"
version = "0.13.1"
source = "registry+https://github.com/rust-lang/crates.io-index"
checksum = "af491d569909a7e4dee0ad7db7f5341fef5c614d5b8ec8cf765732aba3cff681"
dependencies = [
 "unicode-width",
]

[[package]]
name = "const_fn"
version = "0.4.12"
source = "registry+https://github.com/rust-lang/crates.io-index"
checksum = "413d67b29ef1021b4d60f4aa1e925ca031751e213832b4b1d588fae623c05c60"

[[package]]
name = "cosmicc-l21-execution"
version = "0.1.0"
dependencies = [
 "lighting-simulation",
 "saltwater-sia",
]

[[package]]
name = "counter"
version = "0.4.3"
source = "registry+https://github.com/rust-lang/crates.io-index"
checksum = "d84b66ce02c964fa8047286289b36797ce48a52a44034e013ce3e5219b6cb360"
dependencies = [
 "num-traits",
]

[[package]]
name = "cranelift-assembler-x64"
version = "0.137.0-dev"
source = "git+https://github.com/nickik/crainlift?rev=8ecc42343f0f467b5d0a445ad97f9c4a77590b3f#8ecc42343f0f467b5d0a445ad97f9c4a77590b3f"
dependencies = [
 "cranelift-assembler-x64-meta",
]

[[package]]
name = "cranelift-assembler-x64-meta"
version = "0.137.0-dev"
source = "git+https://github.com/nickik/crainlift?rev=8ecc42343f0f467b5d0a445ad97f9c4a77590b3f#8ecc42343f0f467b5d0a445ad97f9c4a77590b3f"
dependencies = [
 "cranelift-srcgen",
]

[[package]]
name = "cranelift-bforest"
version = "0.137.0-dev"
source = "git+https://github.com/nickik/crainlift?rev=8ecc42343f0f467b5d0a445ad97f9c4a77590b3f#8ecc42343f0f467b5d0a445ad97f9c4a77590b3f"
dependencies = [
 "cranelift-entity",
 "wasmtime-internal-core",
]

[[package]]
name = "cranelift-bitset"
version = "0.137.0-dev"
source = "git+https://github.com/nickik/crainlift?rev=8ecc42343f0f467b5d0a445ad97f9c4a77590b3f#8ecc42343f0f467b5d0a445ad97f9c4a77590b3f"
dependencies = [
 "wasmtime-internal-core",
]

[[package]]
name = "cranelift-codegen"
version = "0.137.0-dev"
source = "git+https://github.com/nickik/crainlift?rev=8ecc42343f0f467b5d0a445ad97f9c4a77590b3f#8ecc42343f0f467b5d0a445ad97f9c4a77590b3f"
dependencies = [
 "bumpalo",
 "cranelift-assembler-x64",
 "cranelift-bforest",
 "cranelift-bitset",
 "cranelift-codegen-meta",
 "cranelift-codegen-shared",
 "cranelift-control",
 "cranelift-entity",
 "cranelift-isle",
 "gimli",
 "hashbrown 0.17.1",
 "libm",
 "log",
 "regalloc2",
 "rustc-hash",
 "serde",
 "smallvec",
 "target-lexicon 0.13.5-sia.1",
 "wasmtime-internal-core",
]

[[package]]
name = "cranelift-codegen-meta"
version = "0.137.0-dev"
source = "git+https://github.com/nickik/crainlift?rev=8ecc42343f0f467b5d0a445ad97f9c4a77590b3f#8ecc42343f0f467b5d0a445ad97f9c4a77590b3f"
dependencies = [
 "cranelift-assembler-x64-meta",
 "cranelift-codegen-shared",
 "cranelift-srcgen",
 "heck",
]

[[package]]
name = "cranelift-codegen-shared"
version = "0.137.0-dev"
source = "git+https://github.com/nickik/crainlift?rev=8ecc42343f0f467b5d0a445ad97f9c4a77590b3f#8ecc42343f0f467b5d0a445ad97f9c4a77590b3f"

[[package]]
name = "cranelift-control"
version = "0.137.0-dev"
source = "git+https://github.com/nickik/crainlift?rev=8ecc42343f0f467b5d0a445ad97f9c4a77590b3f#8ecc42343f0f467b5d0a445ad97f9c4a77590b3f"

[[package]]
name = "cranelift-entity"
version = "0.137.0-dev"
source = "git+https://github.com/nickik/crainlift?rev=8ecc42343f0f467b5d0a445ad97f9c4a77590b3f#8ecc42343f0f467b5d0a445ad97f9c4a77590b3f"
dependencies = [
 "cranelift-bitset",
 "wasmtime-internal-core",
]

[[package]]
name = "cranelift-frontend"
version = "0.137.0-dev"
source = "git+https://github.com/nickik/crainlift?rev=8ecc42343f0f467b5d0a445ad97f9c4a77590b3f#8ecc42343f0f467b5d0a445ad97f9c4a77590b3f"
dependencies = [
 "cranelift-codegen",
 "hashbrown 0.17.1",
 "log",
 "smallvec",
 "target-lexicon 0.13.5-sia.1",
]

[[package]]
name = "cranelift-isle"
version = "0.137.0-dev"
source = "git+https://github.com/nickik/crainlift?rev=8ecc42343f0f467b5d0a445ad97f9c4a77590b3f#8ecc42343f0f467b5d0a445ad97f9c4a77590b3f"

[[package]]
name = "cranelift-srcgen"
version = "0.137.0-dev"
source = "git+https://github.com/nickik/crainlift?rev=8ecc42343f0f467b5d0a445ad97f9c4a77590b3f#8ecc42343f0f467b5d0a445ad97f9c4a77590b3f"

[[package]]
name = "discard"
version = "1.0.4"
source = "registry+https://github.com/rust-lang/crates.io-index"
checksum = "212d0f5754cb6769937f4501cc0e67f4f4483c8d2c3e1e922ee9edbe4ab4c7c0"

[[package]]
name = "equivalent"
version = "1.0.2"
source = "registry+https://github.com/rust-lang/crates.io-index"
checksum = "877a4ace8713b0bcf2a4e7eec82529c029f1d0619886d18145fea96c3ffe5c0f"

[[package]]
name = "fnv"
version = "1.0.7"
source = "registry+https://github.com/rust-lang/crates.io-index"
checksum = "3f9eec918d3f24069decb9af1554cad7c880e2da24a9afd88aca000531ab82c1"

[[package]]
name = "foldhash"
version = "0.2.0"
source = "registry+https://github.com/rust-lang/crates.io-index"
checksum = "77ce24cb58228fbb8aa041425bb1050850ac19177686ea6e0f41a70416f56fdb"

[[package]]
name = "gimli"
version = "0.33.0"
source = "registry+https://github.com/rust-lang/crates.io-index"
checksum = "0bf7f043f89559805f8c7cacc432749b2fa0d0a0a9ee46ce47164ed5ba7f126c"
dependencies = [
 "fnv",
 "hashbrown 0.16.1",
 "indexmap",
 "stable_deref_trait",
]

[[package]]
name = "hashbrown"
version = "0.16.1"
source = "registry+https://github.com/rust-lang/crates.io-index"
checksum = "841d1cc9bed7f9236f321df977030373f4a4163ae1a7dbfe1a51a2c1a51d9100"

[[package]]
name = "hashbrown"
version = "0.17.1"
source = "registry+https://github.com/rust-lang/crates.io-index"
checksum = "ed5909b6e89a2db4456e54cd5f673791d7eca6732202bbf2a9cc504fe2f9b84a"
dependencies = [
 "foldhash",
]

[[package]]
name = "heck"
version = "0.5.0"
source = "registry+https://github.com/rust-lang/crates.io-index"
checksum = "2304e00983f87ffb38b55b444b5e3b60a884b5d30c0fca7d82fe33449bbe55ea"

[[package]]
name = "hexponent"
version = "0.3.1"
source = "registry+https://github.com/rust-lang/crates.io-index"
checksum = "07482eb12527cb107ba354de9717dbce361ce82ec553fe9e70a98db29fd00d3d"

[[package]]
name = "indexmap"
version = "2.14.2"
source = "registry+https://github.com/rust-lang/crates.io-index"
checksum = "cc4e190f5d26ca7051642629da2c52fc03bde85a03197c99408dcd291734c855"
dependencies = [
 "equivalent",
 "hashbrown 0.17.1",
]

[[package]]
name = "itoa"
version = "1.0.18"
source = "registry+https://github.com/rust-lang/crates.io-index"
checksum = "8f42a60cbdf9a97f5d2305f08a87dc4e09308d1276d28c869c684d7777685682"

[[package]]
name = "lasso"
version = "0.2.2"
source = "registry+https://github.com/rust-lang/crates.io-index"
checksum = "19486800b9a2b9ca2d5ce6ad9a221f5b3788f1bebcfb94942df6342d6632cb44"

[[package]]
name = "lazy_static"
version = "1.5.0"
source = "registry+https://github.com/rust-lang/crates.io-index"
checksum = "bbd2bcb4c963f2ddae06a2efc7e9f3591312473c50c6685e1f298068316e66fe"

[[package]]
name = "libc"
version = "0.2.189"
source = "registry+https://github.com/rust-lang/crates.io-index"
checksum = "3eaf3ede3fee6db1a4c2ee091bf8a8b4dccdc6d17f656fb07896ee72867612f2"

[[package]]
name = "libm"
version = "0.2.16"
source = "registry+https://github.com/rust-lang/crates.io-index"
checksum = "b6d2cec3eae94f9f509c767b45932f1ada8350c4bdb85af2fcab4a3c14807981"

[[package]]
name = "lighting-simulation"
version = "0.1.0"
source = "git+https://github.com/nickik/LightingSimulation?rev=93a565c687f61d4e758af81bbde59ce5c4770996#93a565c687f61d4e758af81bbde59ce5c4770996"
dependencies = [
 "plio-host-model",
 "plio-logical-model",
 "plio-qic-model",
 "plio-tx-model",
 "qdx-a-card-model",
 "qdx-a-model",
 "qdx-b-card-model",
 "qdx-b-model",
 "qli-model",
 "qli16-model",
 "sia32-tools",
]

[[package]]
name = "log"
version = "0.4.34"
source = "registry+https://github.com/rust-lang/crates.io-index"
checksum = "f9f8bd3e56ce4dfc153cf470fffbfa98c7620958b312ca5c3a4b8d5181fd13c6"

[[package]]
name = "memchr"
version = "2.8.3"
source = "registry+https://github.com/rust-lang/crates.io-index"
checksum = "cf8baf1c55e62ffcace7a9f06f4bd9cd3f0c4beb022d3b367256b91b87513d98"

[[package]]
name = "num-traits"
version = "0.2.19"
source = "registry+https://github.com/rust-lang/crates.io-index"
checksum = "071dfc062690e90b734c0b2273ce72ad0ffa95f0c74596bc250dcfd960262841"
dependencies = [
 "autocfg",
]

[[package]]
name = "once_cell"
version = "1.21.4"
source = "registry+https://github.com/rust-lang/crates.io-index"
checksum = "9f7c3e4beb33f85d45ae3e3a1792185706c8e16d043238c593331cc7cd313b50"

[[package]]
name = "plio-host-model"
version = "0.1.0"
source = "git+https://github.com/nickik/LightingSimulation?rev=93a565c687f61d4e758af81bbde59ce5c4770996#93a565c687f61d4e758af81bbde59ce5c4770996"
dependencies = [
 "plio-logical-model",
]

[[package]]
name = "plio-logical-model"
version = "0.1.0"
source = "git+https://github.com/nickik/LightingSimulation?rev=93a565c687f61d4e758af81bbde59ce5c4770996#93a565c687f61d4e758af81bbde59ce5c4770996"

[[package]]
name = "plio-qic-model"
version = "0.1.0"
source = "git+https://github.com/nickik/LightingSimulation?rev=93a565c687f61d4e758af81bbde59ce5c4770996#93a565c687f61d4e758af81bbde59ce5c4770996"
dependencies = [
 "plio-logical-model",
 "qli-model",
]

[[package]]
name = "plio-testbench"
version = "0.1.0"
source = "git+https://github.com/nickik/LightingSimulation?rev=93a565c687f61d4e758af81bbde59ce5c4770996#93a565c687f61d4e758af81bbde59ce5c4770996"
dependencies = [
 "plio-logical-model",
 "plio-qic-model",
 "plio-tx-model",
 "pti-model",
 "qli-model",
]

[[package]]
name = "plio-tx-model"
version = "0.1.0"
source = "git+https://github.com/nickik/LightingSimulation?rev=93a565c687f61d4e758af81bbde59ce5c4770996#93a565c687f61d4e758af81bbde59ce5c4770996"
dependencies = [
 "pti-model",
]

[[package]]
name = "proc-macro-hack"
version = "0.5.20+deprecated"
source = "registry+https://github.com/rust-lang/crates.io-index"
checksum = "dc375e1527247fe1a97d8b7156678dfe7c1af2fc075c9a4db3690ecd2a148068"

[[package]]
name = "proc-macro2"
version = "1.0.107"
source = "registry+https://github.com/rust-lang/crates.io-index"
checksum = "985e7ec9bb745e6ce6535b544d84d6cd6f7ad8bd711c398938ae983b91a766d9"
dependencies = [
 "unicode-ident",
]

[[package]]
name = "pti-model"
version = "0.1.0"
source = "git+https://github.com/nickik/LightingSimulation?rev=93a565c687f61d4e758af81bbde59ce5c4770996#93a565c687f61d4e758af81bbde59ce5c4770996"

[[package]]
name = "qdx-a-card-model"
version = "0.1.0"
source = "git+https://github.com/nickik/LightingSimulation?rev=93a565c687f61d4e758af81bbde59ce5c4770996#93a565c687f61d4e758af81bbde59ce5c4770996"
dependencies = [
 "plio-logical-model",
 "plio-qic-model",
 "plio-testbench",
 "plio-tx-model",
 "pti-model",
 "qdx-a-model",
 "qli-model",
 "qli16-model",
]

[[package]]
name = "qdx-a-model"
version = "0.1.0"
source = "git+https://github.com/nickik/LightingSimulation?rev=93a565c687f61d4e758af81bbde59ce5c4770996#93a565c687f61d4e758af81bbde59ce5c4770996"
dependencies = [
 "plio-logical-model",
 "qli-model",
]

[[package]]
name = "qdx-b-card-model"
version = "0.1.0"
source = "git+https://github.com/nickik/LightingSimulation?rev=93a565c687f61d4e758af81bbde59ce5c4770996#93a565c687f61d4e758af81bbde59ce5c4770996"
dependencies = [
 "plio-logical-model",
 "plio-qic-model",
 "plio-tx-model",
 "qdx-a-card-model",
 "qdx-a-model",
 "qdx-b-model",
 "qli-model",
 "qli16-model",
]

[[package]]
name = "qdx-b-model"
version = "0.1.0"
source = "git+https://github.com/nickik/LightingSimulation?rev=93a565c687f61d4e758af81bbde59ce5c4770996#93a565c687f61d4e758af81bbde59ce5c4770996"
dependencies = [
 "plio-logical-model",
 "qdx-a-model",
 "qli-model",
]

[[package]]
name = "qli-model"
version = "0.1.0"
source = "git+https://github.com/nickik/LightingSimulation?rev=93a565c687f61d4e758af81bbde59ce5c4770996#93a565c687f61d4e758af81bbde59ce5c4770996"
dependencies = [
 "plio-logical-model",
]

[[package]]
name = "qli16-model"
version = "0.1.0"
source = "git+https://github.com/nickik/LightingSimulation?rev=93a565c687f61d4e758af81bbde59ce5c4770996#93a565c687f61d4e758af81bbde59ce5c4770996"
dependencies = [
 "plio-logical-model",
 "qli-model",
]

[[package]]
name = "quote"
version = "1.0.47"
source = "registry+https://github.com/rust-lang/crates.io-index"
checksum = "1fbf4db142a473a8d80c26bbf18454ed458bf8d26c8219c331daecfdbd079001"
dependencies = [
 "proc-macro2",
]

[[package]]
name = "regalloc2"
version = "0.15.2"
source = "registry+https://github.com/rust-lang/crates.io-index"
checksum = "757712e8e61590d6d4f5d563483755538b5aa13467837a3b41cd9832509a7f85"
dependencies = [
 "allocator-api2",
 "bumpalo",
 "hashbrown 0.17.1",
 "log",
 "rustc-hash",
 "smallvec",
]

[[package]]
name = "rustc-hash"
version = "2.1.3"
source = "registry+https://github.com/rust-lang/crates.io-index"
checksum = "6b1e7f9a428571be2dc5bc0505c13fb6bf936822b894ec87abf8a08a4e51742d"

[[package]]
name = "rustc_version"
version = "0.2.3"
source = "registry+https://github.com/rust-lang/crates.io-index"
checksum = "138e3e0acb6c9fb258b19b67cb8abd63c00679d2851805ea151465464fe9030a"
dependencies = [
 "semver",
]

[[package]]
name = "rustversion"
version = "1.0.22"
source = "registry+https://github.com/rust-lang/crates.io-index"
checksum = "b39cdef0fa800fc44525c84ccb54a029961a8215f9619753635a9c0d2538d46d"

[[package]]
name = "saltwater-parser"
version = "0.11.0"
dependencies = [
 "arcstr",
 "codespan",
 "counter",
 "hexponent",
 "lasso",
 "lazy_static",
 "shared_str",
 "target-lexicon 0.13.5-sia.1",
 "thiserror",
 "time",
]

[[package]]
name = "saltwater-sia"
version = "0.12.0"
dependencies = [
 "cranelift-codegen",
 "cranelift-frontend",
 "saltwater-parser",
 "target-lexicon 0.13.5-sia.1",
]

[[package]]
name = "semver"
version = "0.9.0"
source = "registry+https://github.com/rust-lang/crates.io-index"
checksum = "1d7eb9ef2c18661902cc47e535f9bc51b78acd254da71d375c2f6720d9a40403"
dependencies = [
 "semver-parser",
]

[[package]]
name = "semver-parser"
version = "0.7.0"
source = "registry+https://github.com/rust-lang/crates.io-index"
checksum = "388a1df253eca08550bef6c72392cfe7c30914bf41df5269b68cbd6ff8f570a3"

[[package]]
name = "serde"
version = "1.0.229"
source = "registry+https://github.com/rust-lang/crates.io-index"
checksum = "4148590afebada386688f18773da617792bf2ef03ffc1e4cbd2b1d45b023e0ba"
dependencies = [
 "serde_core",
]

[[package]]
name = "serde_core"
version = "1.0.229"
source = "registry+https://github.com/rust-lang/crates.io-index"
checksum = "67dca2c9c51e58a4791a4b1ed58308b39c64224d349a935ab5039aa360942a48"
dependencies = [
 "serde_derive",
]

[[package]]
name = "serde_derive"
version = "1.0.229"
source = "registry+https://github.com/rust-lang/crates.io-index"
checksum = "e7a5d71263a5a7d47b41f6b3f06ba276f10cc18b0931f1799f710578e2309348"
dependencies = [
 "proc-macro2",
 "quote",
 "syn 3.0.6",
]

[[package]]
name = "serde_json"
version = "1.0.151"
source = "registry+https://github.com/rust-lang/crates.io-index"
checksum = "c841b55ecdae098c80dcae9cf767f6f8a0c2cdb3416bbef72181df4d0fe73f14"
dependencies = [
 "itoa",
 "memchr",
 "serde",
 "serde_core",
 "zmij",
]

[[package]]
name = "sha1"
version = "0.6.1"
source = "registry+https://github.com/rust-lang/crates.io-index"
checksum = "c1da05c97445caa12d05e848c4a4fcbbea29e748ac28f7e80e9b010392063770"
dependencies = [
 "sha1_smol",
]

[[package]]
name = "sha1_smol"
version = "1.0.1"
source = "registry+https://github.com/rust-lang/crates.io-index"
checksum = "bbfa15b3dddfee50a0fff136974b3e1bde555604ba463834a7eb7deb6417705d"

[[package]]
name = "shared_str"
version = "0.1.1"
source = "registry+https://github.com/rust-lang/crates.io-index"
checksum = "6391ed817abe3d67cc23cbf74d613fa5a2a924aa18c29dcd9b024c6771695b40"

[[package]]
name = "sia32-tools"
version = "0.1.0"
source = "git+https://github.com/nickik/SIA?rev=c800c693ffdd0328e5209184a0a5a1ce534cfe01#c800c693ffdd0328e5209184a0a5a1ce534cfe01"

[[package]]
name = "smallvec"
version = "1.16.1"
source = "registry+https://github.com/rust-lang/crates.io-index"
checksum = "ba467056f1b547ed52077911161fc86985becbc60e8e1857c8a144dab0def891"

[[package]]
name = "stable_deref_trait"
version = "1.2.1"
source = "registry+https://github.com/rust-lang/crates.io-index"
checksum = "6ce2be8dc25455e1f91df71bfa12ad37d7af1092ae736f3a6cd0e37bc7810596"

[[package]]
name = "standback"
version = "0.2.17"
source = "registry+https://github.com/rust-lang/crates.io-index"
checksum = "e113fb6f3de07a243d434a56ec6f186dfd51cb08448239fe7bcae73f87ff28ff"
dependencies = [
 "version_check",
]

[[package]]
name = "stdweb"
version = "0.4.20"
source = "registry+https://github.com/rust-lang/crates.io-index"
checksum = "d022496b16281348b52d0e30ae99e01a73d737b2f45d38fed4edf79f9325a1d5"
dependencies = [
 "discard",
 "rustc_version",
 "stdweb-derive",
 "stdweb-internal-macros",
 "stdweb-internal-runtime",
 "wasm-bindgen",
]

[[package]]
name = "stdweb-derive"
version = "0.5.3"
source = "registry+https://github.com/rust-lang/crates.io-index"
checksum = "c87a60a40fccc84bef0652345bbbbbe20a605bf5d0ce81719fc476f5c03b50ef"
dependencies = [
 "proc-macro2",
 "quote",
 "serde",
 "serde_derive",
 "syn 1.0.109",
]

[[package]]
name = "stdweb-internal-macros"
version = "0.2.9"
source = "registry+https://github.com/rust-lang/crates.io-index"
checksum = "58fa5ff6ad0d98d1ffa8cb115892b6e69d67799f6763e162a1c9db421dc22e11"
dependencies = [
 "base-x",
 "proc-macro2",
 "quote",
 "serde",
 "serde_derive",
 "serde_json",
 "sha1",
 "syn 1.0.109",
]

[[package]]
name = "stdweb-internal-runtime"
version = "0.1.5"
source = "registry+https://github.com/rust-lang/crates.io-index"
checksum = "213701ba3370744dcd1a12960caa4843b3d68b4d1c0a5d575e0d65b2ee9d16c0"

[[package]]
name = "syn"
version = "1.0.109"
source = "registry+https://github.com/rust-lang/crates.io-index"
checksum = "72b64191b275b66ffe2469e8af2c1cfe3bafa67b529ead792a6d0160888b4237"
dependencies = [
 "proc-macro2",
 "quote",
 "unicode-ident",
]

[[package]]
name = "syn"
version = "2.0.119"
source = "registry+https://github.com/rust-lang/crates.io-index"
checksum = "872831b642d1a07999a962a351ed35b955ea2cfc8f3862091e2a240a84f17297"
dependencies = [
 "proc-macro2",
 "quote",
 "unicode-ident",
]

[[package]]
name = "syn"
version = "3.0.6"
source = "registry+https://github.com/rust-lang/crates.io-index"
checksum = "8593e8e72159ed2257d083c7a454a85cbf854f37a0966d8d483aff8c8a3ebcee"
dependencies = [
 "proc-macro2",
 "quote",
 "unicode-ident",
]

[[package]]
name = "target-lexicon"
version = "0.13.5-sia.1"
source = "git+https://github.com/nickik/crainlift?rev=8ecc42343f0f467b5d0a445ad97f9c4a77590b3f#8ecc42343f0f467b5d0a445ad97f9c4a77590b3f"
dependencies = [
 "target-lexicon 0.13.5",
]

[[package]]
name = "target-lexicon"
version = "0.13.5"
source = "registry+https://github.com/rust-lang/crates.io-index"
checksum = "adb6935a6f5c20170eeceb1a3835a49e12e19d792f6dd344ccc76a985ca5a6ca"

[[package]]
name = "thiserror"
version = "1.0.69"
source = "registry+https://github.com/rust-lang/crates.io-index"
checksum = "b6aaf5339b578ea85b50e080feb250a3e8ae8cfcdff9a461c9ec2904bc923f52"
dependencies = [
 "thiserror-impl",
]

[[package]]
name = "thiserror-impl"
version = "1.0.69"
source = "registry+https://github.com/rust-lang/crates.io-index"
checksum = "4fee6c4efc90059e10f81e6d42c60a18f76588c3d74cb83a0b242a2b6c7504c1"
dependencies = [
 "proc-macro2",
 "quote",
 "syn 2.0.119",
]

[[package]]
name = "time"
version = "0.2.27"
source = "registry+https://github.com/rust-lang/crates.io-index"
checksum = "4752a97f8eebd6854ff91f1c1824cd6160626ac4bd44287f7f4ea2035a02a242"
dependencies = [
 "const_fn",
 "libc",
 "standback",
 "stdweb",
 "time-macros",
 "version_check",
 "winapi",
]

[[package]]
name = "time-macros"
version = "0.1.1"
source = "registry+https://github.com/rust-lang/crates.io-index"
checksum = "957e9c6e26f12cb6d0dd7fc776bb67a706312e7299aed74c8dd5b17ebb27e2f1"
dependencies = [
 "proc-macro-hack",
 "time-macros-impl",
]

[[package]]
name = "time-macros-impl"
version = "0.1.2"
source = "registry+https://github.com/rust-lang/crates.io-index"
checksum = "fd3c141a1b43194f3f56a1411225df8646c55781d5f26db825b3d98507eb482f"
dependencies = [
 "proc-macro-hack",
 "proc-macro2",
 "quote",
 "standback",
 "syn 1.0.109",
]

[[package]]
name = "unicode-ident"
version = "1.0.26"
source = "registry+https://github.com/rust-lang/crates.io-index"
checksum = "d245f478577f809a851594d02313b640fb437e0bb33866753cff937863096954"

[[package]]
name = "unicode-width"
version = "0.2.2"
source = "registry+https://github.com/rust-lang/crates.io-index"
checksum = "b4ac048d71ede7ee76d585517add45da530660ef4390e49b098733c6e897f254"

[[package]]
name = "version_check"
version = "0.9.5"
source = "registry+https://github.com/rust-lang/crates.io-index"
checksum = "0b928f33d975fc6ad9f86c8f283853ad26bdd5b10b7f1542aa2fa15e2289105a"

[[package]]
name = "wasm-bindgen"
version = "0.2.126"
source = "registry+https://github.com/rust-lang/crates.io-index"
checksum = "4b067c0c11094aef6b7a801c1e34a26affafdf3d051dba08456b868789aaf9a4"
dependencies = [
 "cfg-if",
 "once_cell",
 "rustversion",
 "wasm-bindgen-macro",
 "wasm-bindgen-shared",
]

[[package]]
name = "wasm-bindgen-macro"
version = "0.2.126"
source = "registry+https://github.com/rust-lang/crates.io-index"
checksum = "167ce5e579f6bcf889c4f7175a8a5a585de84e8ff93976ce393efa5f2837aab1"
dependencies = [
 "quote",
 "wasm-bindgen-macro-support",
]

[[package]]
name = "wasm-bindgen-macro-support"
version = "0.2.126"
source = "registry+https://github.com/rust-lang/crates.io-index"
checksum = "f3997c7839262f4ef12cf90b818d6340c18e80f263f1a94bf157d0ec4420380e"
dependencies = [
 "bumpalo",
 "proc-macro2",
 "quote",
 "syn 2.0.119",
 "wasm-bindgen-shared",
]

[[package]]
name = "wasm-bindgen-shared"
version = "0.2.126"
source = "registry+https://github.com/rust-lang/crates.io-index"
checksum = "dc1b4cb0cc549fcf58d7dfc081778139b3d283a081644e833e84682ad71cea24"
dependencies = [
 "unicode-ident",
]

[[package]]
name = "wasmtime-internal-core"
version = "50.0.0-dev"
source = "git+https://github.com/nickik/crainlift?rev=8ecc42343f0f467b5d0a445ad97f9c4a77590b3f#8ecc42343f0f467b5d0a445ad97f9c4a77590b3f"
dependencies = [
 "hashbrown 0.17.1",
 "libm",
]

[[package]]
name = "winapi"
version = "0.3.9"
source = "registry+https://github.com/rust-lang/crates.io-index"
checksum = "5c839a674fcd7a98952e593242ea400abe93992746761e38641405d28b00f419"
dependencies = [
 "winapi-i686-pc-windows-gnu",
 "winapi-x86_64-pc-windows-gnu",
]

[[package]]
name = "winapi-i686-pc-windows-gnu"
version = "0.4.0"
source = "registry+https://github.com/rust-lang/crates.io-index"
checksum = "ac3b87c63620426dd9b991e5ce0329eff545bccbbb34f3be09ff6fb6ab51b7b6"

[[package]]
name = "winapi-x86_64-pc-windows-gnu"
version = "0.4.0"
source = "registry+https://github.com/rust-lang/crates.io-index"
checksum = "712e227841d057c1ee1cd2fb22fa7e5a5461ae8e48fa2ca79ec42cfc1931183f"

[[package]]
name = "zmij"
version = "1.0.23"
source = "registry+https://github.com/rust-lang/crates.io-index"
checksum = "29666d0abbfad1e3dc4dcf6144730dd3a3ab225bbbdac83319345b1b44ccfc1b"
